// !$*UTF8*$!
{
	archiveVersion = 1;
	classes = {
	};
	objectVersion = 48;
	objects = {

/* Begin PBXBuildFile section */
		C92711E31FB39FCE00387DB3 /* AppDelegate.swift in Sources */ = {isa = PBXBuildFile; fileRef = C92711E21FB39FCE00387DB3 /* AppDelegate.swift */; };
		C92711E51FB39FCE00387DB3 /* ViewController.swift in Sources */ = {isa = PBXBuildFile; fileRef = C92711E41FB39FCE00387DB3 /* ViewController.swift */; };
		C92711E81FB39FCE00387DB3 /* Main.storyboard in Resources */ = {isa = PBXBuildFile; fileRef = C92711E61FB39FCE00387DB3 /* Main.storyboard */; };
		C92711EA1FB39FCE00387DB3 /* Assets.xcassets in Resources */ = {isa = PBXBuildFile; fileRef = C92711E91FB39FCE00387DB3 /* Assets.xcassets */; };
		C92711ED1FB39FCE00387DB3 /* LaunchScreen.storyboard in Resources */ = {isa = PBXBuildFile; fileRef = C92711EB1FB39FCE00387DB3 /* LaunchScreen.storyboard */; };
		C929A5FB1FD5BC9100AE5AB3 /* HomeTableViewController.swift in Sources */ = {isa = PBXBuildFile; fileRef = C929A5FA1FD5BC9100AE5AB3 /* HomeTableViewController.swift */; };
		C929A5FF1FD5E20800AE5AB3 /* DataSetNotes.swift in Sources */ = {isa = PBXBuildFile; fileRef = C929A5FE1FD5E20800AE5AB3 /* DataSetNotes.swift */; };
		C929A6011FD5E23A00AE5AB3 /* Note.swift in Sources */ = {isa = PBXBuildFile; fileRef = C929A6001FD5E23A00AE5AB3 /* Note.swift */; };
		C929A6031FD5E6AF00AE5AB3 /* InfoTableViewController.swift in Sources */ = {isa = PBXBuildFile; fileRef = C929A6021FD5E6AF00AE5AB3 /* InfoTableViewController.swift */; };
		C93160491FCCAF490011FFEA /* Pattern.swift in Sources */ = {isa = PBXBuildFile; fileRef = C93160481FCCAF490011FFEA /* Pattern.swift */; };
		C931604B1FCCB3290011FFEA /* DataSetPattern.swift in Sources */ = {isa = PBXBuildFile; fileRef = C931604A1FCCB3290011FFEA /* DataSetPattern.swift */; };
/* End PBXBuildFile section */

/* Begin PBXFileReference section */
		C92711DF1FB39FCE00387DB3 /* Patterns App.app */ = {isa = PBXFileReference; explicitFileType = wrapper.application; includeInIndex = 0; path = "Patterns App.app"; sourceTree = BUILT_PRODUCTS_DIR; };
		C92711E21FB39FCE00387DB3 /* AppDelegate.swift */ = {isa = PBXFileReference; lastKnownFileType = sourcecode.swift; path = AppDelegate.swift; sourceTree = "<group>"; };
		C92711E41FB39FCE00387DB3 /* ViewController.swift */ = {isa = PBXFileReference; lastKnownFileType = sourcecode.swift; path = ViewController.swift; sourceTree = "<group>"; };
		C92711E71FB39FCE00387DB3 /* Base */ = {isa = PBXFileReference; lastKnownFileType = file.storyboard; name = Base; path = Base.lproj/Main.storyboard; sourceTree = "<group>"; };
		C92711E91FB39FCE00387DB3 /* Assets.xcassets */ = {isa = PBXFileReference; lastKnownFileType = folder.assetcatalog; path = Assets.xcassets; sourceTree = "<group>"; };
		C92711EC1FB39FCE00387DB3 /* Base */ = {isa = PBXFileReference; lastKnownFileType = file.storyboard; name = Base; path = Base.lproj/LaunchScreen.storyboard; sourceTree = "<group>"; };
		C92711EE1FB39FCE00387DB3 /* Info.plist */ = {isa = PBXFileReference; lastKnownFileType = text.plist.xml; path = Info.plist; sourceTree = "<group>"; };
		C929A5FA1FD5BC9100AE5AB3 /* HomeTableViewController.swift */ = {isa = PBXFileReference; lastKnownFileType = sourcecode.swift; path = HomeTableViewController.swift; sourceTree = "<group>"; };
		C929A5FE1FD5E20800AE5AB3 /* DataSetNotes.swift */ = {isa = PBXFileReference; lastKnownFileType = sourcecode.swift; path = DataSetNotes.swift; sourceTree = "<group>"; };
		C929A6001FD5E23A00AE5AB3 /* Note.swift */ = {isa = PBXFileReference; lastKnownFileType = sourcecode.swift; path = Note.swift; sourceTree = "<group>"; };
		C929A6021FD5E6AF00AE5AB3 /* InfoTableViewController.swift */ = {isa = PBXFileReference; lastKnownFileType = sourcecode.swift; path = InfoTableViewController.swift; sourceTree = "<group>"; };
		C93160481FCCAF490011FFEA /* Pattern.swift */ = {isa = PBXFileReference; lastKnownFileType = sourcecode.swift; path = Pattern.swift; sourceTree = "<group>"; };
		C931604A1FCCB3290011FFEA /* DataSetPattern.swift */ = {isa = PBXFileReference; lastKnownFileType = sourcecode.swift; path = DataSetPattern.swift; sourceTree = "<group>"; };
/* End PBXFileReference section */

/* Begin PBXFrameworksBuildPhase section */
		C92711DC1FB39FCE00387DB3 /* Frameworks */ = {
			isa = PBXFrameworksBuildPhase;
			buildActionMask = 2147483647;
			files = (
			);
			runOnlyForDeploymentPostprocessing = 0;
		};
/* End PBXFrameworksBuildPhase section */

/* Begin PBXGroup section */
		C92711D61FB39FCD00387DB3 = {
			isa = PBXGroup;
			children = (
				C92711E11FB39FCE00387DB3 /* Patterns App */,
				C92711E01FB39FCE00387DB3 /* Products */,
			);
			sourceTree = "<group>";
		};
		C92711E01FB39FCE00387DB3 /* Products */ = {
			isa = PBXGroup;
			children = (
				C92711DF1FB39FCE00387DB3 /* Patterns App.app */,
			);
			name = Products;
			sourceTree = "<group>";
		};
		C92711E11FB39FCE00387DB3 /* Patterns App */ = {
			isa = PBXGroup;
			children = (
				C92711E91FB39FCE00387DB3 /* Assets.xcassets */,
				C92711EB1FB39FCE00387DB3 /* LaunchScreen.storyboard */,
				C92711E21FB39FCE00387DB3 /* AppDelegate.swift */,
				C92711E41FB39FCE00387DB3 /* ViewController.swift */,
				C92711E61FB39FCE00387DB3 /* Main.storyboard */,
				C929A6021FD5E6AF00AE5AB3 /* InfoTableViewController.swift */,
				C929A5FA1FD5BC9100AE5AB3 /* HomeTableViewController.swift */,
				C92711EE1FB39FCE00387DB3 /* Info.plist */,
				C93160481FCCAF490011FFEA /* Pattern.swift */,
				C931604A1FCCB3290011FFEA /* DataSetPattern.swift */,
				C929A5FE1FD5E20800AE5AB3 /* DataSetNotes.swift */,
				C929A6001FD5E23A00AE5AB3 /* Note.swift */,
			);
			path = "Patterns App";
			sourceTree = "<group>";
		};
/* End PBXGroup section */

/* Begin PBXNativeTarget section */
		C92711DE1FB39FCE00387DB3 /* Patterns App */ = {
			isa = PBXNativeTarget;
			buildConfigurationList = C92711F11FB39FCE00387DB3 /* Build configuration list for PBXNativeTarget "Patterns App" */;
			buildPhases = (
				C92711DB1FB39FCE00387DB3 /* Sources */,
				C92711DC1FB39FCE00387DB3 /* Frameworks */,
				C92711DD1FB39FCE00387DB3 /* Resources */,
			);
			buildRules = (
			);
			dependencies = (
			);
			name = "Patterns App";
			productName = "Patterns App";
			productReference = C92711DF1FB39FCE00387DB3 /* Patterns App.app */;
			productType = "com.apple.product-type.application";
		};
/* End PBXNativeTarget section */

/* Begin PBXProject section */
		C92711D71FB39FCD00387DB3 /* Project object */ = {
			isa = PBXProject;
			attributes = {
				LastSwiftUpdateCheck = 0910;
				LastUpgradeCheck = 0910;
				ORGANIZATIONNAME = "Casey Gower";
				TargetAttributes = {
					C92711DE1FB39FCE00387DB3 = {
						CreatedOnToolsVersion = 9.1;
						ProvisioningStyle = Automatic;
					};
				};
			};
			buildConfigurationList = C92711DA1FB39FCD00387DB3 /* Build configuration list for PBXProject "Patterns App" */;
			compatibilityVersion = "Xcode 8.0";
			developmentRegion = en;
			hasScannedForEncodings = 0;
			knownRegions = (
				en,
				Base,
			);
			mainGroup = C92711D61FB39FCD00387DB3;
			productRefGroup = C92711E01FB39FCE00387DB3 /* Products */;
			projectDirPath = "";
			projectRoot = "";
			targets = (
				C92711DE1FB39FCE00387DB3 /* Patterns App */,
			);
		};
/* End PBXProject section */

/* Begin PBXResourcesBuildPhase section */
		C92711DD1FB39FCE00387DB3 /* Resources */ = {
			isa = PBXResourcesBuildPhase;
			buildActionMask = 2147483647;
			files = (
				C92711ED1FB39FCE00387DB3 /* LaunchScreen.storyboard in Resources */,
				C92711EA1FB39FCE00387DB3 /* Assets.xcassets in Resources */,
				C92711E81FB39FCE00387DB3 /* Main.storyboard in Resources */,
			);
			runOnlyForDeploymentPostprocessing = 0;
		};
/* End PBXResourcesBuildPhase section */

/* Begin PBXSourcesBuildPhase section */
		C92711DB1FB39FCE00387DB3 /* Sources */ = {
			isa = PBXSourcesBuildPhase;
			buildActionMask = 2147483647;
			files = (
				C929A6011FD5E23A00AE5AB3 /* Note.swift in Sources */,
				C92711E51FB39FCE00387DB3 /* ViewController.swift in Sources */,
				C93160491FCCAF490011FFEA /* Pattern.swift in Sources */,
				C929A6031FD5E6AF00AE5AB3 /* InfoTableViewController.swift in Sources */,
				C929A5FF1FD5E20800AE5AB3 /* DataSetNotes.swift in Sources */,
				C931604B1FCCB3290011FFEA /* DataSetPattern.swift in Sources */,
				C929A5FB1FD5BC9100AE5AB3 /* HomeTableViewController.swift in Sources */,
				C92711E31FB39FCE00387DB3 /* AppDelegate.swift in Sources */,
			);
			runOnlyForDeploymentPostprocessing = 0;
		};
/* End PBXSourcesBuildPhase section */

/* Begin PBXVariantGroup section */
		C92711E61FB39FCE00387DB3 /* Main.storyboard */ = {
			isa = PBXVariantGroup;
			children = (
				C92711E71FB39FCE00387DB3 /* Base */,
			);
			name = Main.storyboard;
			sourceTree = "<group>";
		};
		C92711EB1FB39FCE00387DB3 /* LaunchScreen.storyboard */ = {
			isa = PBXVariantGroup;
			children = (
				C92711EC1FB39FCE00387DB3 /* Base */,
			);
			name = LaunchScreen.storyboard;
			sourceTree = "<group>";
		};
/* End PBXVariantGroup section */

/* Begin XCBuildConfiguration section */
		C92711EF1FB39FCE00387DB3 /* Debug */ = {
			isa = XCBuildConfiguration;
			buildSettings = {
				ALWAYS_SEARCH_USER_PATHS = NO;
				CLANG_ANALYZER_NONNULL = YES;
				CLANG_ANALYZER_NUMBER_OBJECT_CONVERSION = YES_AGGRESSIVE;
				CLANG_CXX_LANGUAGE_STANDARD = "gnu++14";
				CLANG_CXX_LIBRARY = "libc++";
				CLANG_ENABLE_MODULES = YES;
				CLANG_ENABLE_OBJC_ARC = YES;
				CLANG_WARN_BLOCK_CAPTURE_AUTORELEASING = YES;
				CLANG_WARN_BOOL_CONVERSION = YES;
				CLANG_WARN_COMMA = YES;
				CLANG_WARN_CONSTANT_CONVERSION = YES;
				CLANG_WARN_DIRECT_OBJC_ISA_USAGE = YES_ERROR;
				CLANG_WARN_DOCUMENTATION_COMMENTS = YES;
				CLANG_WARN_EMPTY_BODY = YES;
				CLANG_WARN_ENUM_CONVERSION = YES;
				CLANG_WARN_INFINITE_RECURSION = YES;
				CLANG_WARN_INT_CONVERSION = YES;
				CLANG_WARN_NON_LITERAL_NULL_CONVERSION = YES;
				CLANG_WARN_OBJC_LITERAL_CONVERSION = YES;
				CLANG_WARN_OBJC_ROOT_CLASS = YES_ERROR;
				CLANG_WARN_RANGE_LOOP_ANALYSIS = YES;
				CLANG_WARN_STRICT_PROTOTYPES = YES;
				CLANG_WARN_SUSPICIOUS_MOVE = YES;
				CLANG_WARN_UNGUARDED_AVAILABILITY = YES_AGGRESSIVE;
				CLANG_WARN_UNREACHABLE_CODE = YES;
				CLANG_WARN__DUPLICATE_METHOD_MATCH = YES;
				CODE_SIGN_IDENTITY = "iPhone Developer";
				COPY_PHASE_STRIP = NO;
				DEBUG_INFORMATION_FORMAT = dwarf;
				ENABLE_STRICT_OBJC_MSGSEND = YES;
				ENABLE_TESTABILITY = YES;
				GCC_C_LANGUAGE_STANDARD = gnu11;
				GCC_DYNAMIC_NO_PIC = NO;
				GCC_NO_COMMON_BLOCKS = YES;
				GCC_OPTIMIZATION_LEVEL = 0;
				GCC_PREPROCESSOR_DEFINITIONS = (
					"DEBUG=1",
					"$(inherited)",
				);
				GCC_WARN_64_TO_32_BIT_CONVERSION = YES;
				GCC_WARN_ABOUT_RETURN_TYPE = YES_ERROR;
				GCC_WARN_UNDECLARED_SELECTOR = YES;
				GCC_WARN_UNINITIALIZED_AUTOS = YES_AGGRESSIVE;
				GCC_WARN_UNUSED_FUNCTION = YES;
				GCC_WARN_UNUSED_VARIABLE = YES;
				IPHONEOS_DEPLOYMENT_TARGET = 11.1;
				MTL_ENABLE_DEBUG_INFO = YES;
				ONLY_ACTIVE_ARCH = YES;
				SDKROOT = iphoneos;
				SWIFT_ACTIVE_COMPILATION_CONDITIONS = DEBUG;
				SWIFT_OPTIMIZATION_LEVEL = "-Onone";
			};
			name = Debug;
		};
		C92711F01FB39FCE00387DB3 /* Release */ = {
			isa = XCBuildConfiguration;
			buildSettings = {
				ALWAYS_SEARCH_USER_PATHS = NO;
				CLANG_ANALYZER_NONNULL = YES;
				CLANG_ANALYZER_NUMBER_OBJECT_CONVERSION = YES_AGGRESSIVE;
				CLANG_CXX_LANGUAGE_STANDARD = "gnu++14";
				CLANG_CXX_LIBRARY = "libc++";
				CLANG_ENABLE_MODULES = YES;
				CLANG_ENABLE_OBJC_ARC = YES;
				CLANG_WARN_BLOCK_CAPTURE_AUTORELEASING = YES;
				CLANG_WARN_BOOL_CONVERSION = YES;
				CLANG_WARN_COMMA = YES;
				CLANG_WARN_CONSTANT_CONVERSION = YES;
				CLANG_WARN_DIRECT_OBJC_ISA_USAGE = YES_ERROR;
				CLANG_WARN_DOCUMENTATION_COMMENTS = YES;
				CLANG_WARN_EMPTY_BODY = YES;
				CLANG_WARN_ENUM_CONVERSION = YES;
				CLANG_WARN_INFINITE_RECURSION = YES;
				CLANG_WARN_INT_CONVERSION = YES;
				CLANG_WARN_NON_LITERAL_NULL_CONVERSION = YES;
				CLANG_WARN_OBJC_LITERAL_CONVERSION = YES;
				CLANG_WARN_OBJC_ROOT_CLASS = YES_ERROR;
				CLANG_WARN_RANGE_LOOP_ANALYSIS = YES;
				CLANG_WARN_STRICT_PROTOTYPES = YES;
				CLANG_WARN_SUSPICIOUS_MOVE = YES;
				CLANG_WARN_UNGUARDED_AVAILABILITY = YES_AGGRESSIVE;
				CLANG_WARN_UNREACHABLE_CODE = YES;
				CLANG_WARN__DUPLICATE_METHOD_MATCH = YES;
				CODE_SIGN_IDENTITY = "iPhone Developer";
				COPY_PHASE_STRIP = NO;
				DEBUG_INFORMATION_FORMAT = "dwarf-with-dsym";
				ENABLE_NS_ASSERTIONS = NO;
				ENABLE_STRICT_OBJC_MSGSEND = YES;
				GCC_C_LANGUAGE_STANDARD = gnu11;
				GCC_NO_COMMON_BLOCKS = YES;
				GCC_WARN_64_TO_32_BIT_CONVERSION = YES;
				GCC_WARN_ABOUT_RETURN_TYPE = YES_ERROR;
				GCC_WARN_UNDECLARED_SELECTOR = YES;
				GCC_WARN_UNINITIALIZED_AUTOS = YES_AGGRESSIVE;
				GCC_WARN_UNUSED_FUNCTION = YES;
				GCC_WARN_UNUSED_VARIABLE = YES;
				IPHONEOS_DEPLOYMENT_TARGET = 11.1;
				MTL_ENABLE_DEBUG_INFO = NO;
				SDKROOT = iphoneos;
				SWIFT_OPTIMIZATION_LEVEL = "-Owholemodule";
				VALIDATE_PRODUCT = YES;
			};
			name = Release;
		};
		C92711F21FB39FCE00387DB3 /* Debug */ = {
			isa = XCBuildConfiguration;
			buildSettings = {
				ASSETCATALOG_COMPILER_APPICON_NAME = AppIcon;
				CODE_SIGN_STYLE = Automatic;
				DEVELOPMENT_TEAM = 5STY45HX73;
				INFOPLIST_FILE = "Patterns App/Info.plist";
				IPHONEOS_DEPLOYMENT_TARGET = 10.0;
				LD_RUNPATH_SEARCH_PATHS = "$(inherited) @executable_path/Frameworks";
				PRODUCT_BUNDLE_IDENTIFIER = edu.fhu.patternsApp;
				PRODUCT_NAME = "$(TARGET_NAME)";
				SWIFT_VERSION = 4.0;
				TARGETED_DEVICE_FAMILY = "1,2";
			};
			name = Debug;
		};
		C92711F31FB39FCE00387DB3 /* Release */ = {
			isa = XCBuildConfiguration;
			buildSettings = {
				ASSETCATALOG_COMPILER_APPICON_NAME = AppIcon;
				CODE_SIGN_STYLE = Automatic;
				DEVELOPMENT_TEAM = 5STY45HX73;
				INFOPLIST_FILE = "Patterns App/Info.plist";
				IPHONEOS_DEPLOYMENT_TARGET = 10.0;
				LD_RUNPATH_SEARCH_PATHS = "$(inherited) @executable_path/Frameworks";
				PRODUCT_BUNDLE_IDENTIFIER = edu.fhu.patternsApp;
				PRODUCT_NAME = "$(TARGET_NAME)";
				SWIFT_VERSION = 4.0;
				TARGETED_DEVICE_FAMILY = "1,2";
			};
			name = Release;
		};
/* End XCBuildConfiguration section */

/* Begin XCConfigurationList section */
		C92711DA1FB39FCD00387DB3 /* Build configuration list for PBXProject "Patterns App" */ = {
			isa = XCConfigurationList;
			buildConfigurations = (
				C92711EF1FB39FCE00387DB3 /* Debug */,
				C92711F01FB39FCE00387DB3 /* Release */,
			);
			defaultConfigurationIsVisible = 0;
			defaultConfigurationName = Release;
		};
		C92711F11FB39FCE00387DB3 /* Build configuration list for PBXNativeTarget "Patterns App" */ = {
			isa = XCConfigurationList;
			buildConfigurations = (
				C92711F21FB39FCE00387DB3 /* Debug */,
				C92711F31FB39FCE00387DB3 /* Release */,
			);
			defaultConfigurationIsVisible = 0;
			defaultConfigurationName = Release;
		};
/* End XCConfigurationList section */
	};
	rootObject = C92711D71FB39FCD00387DB3 /* Project object */;
}
